<?xml version="1.0" encoding="utf-8"?>
<Project ToolsVersion="17.0" xmlns="http://schemas.microsoft.com/developer/msbuild/2003">
  <ItemGroup>
    <ClCompile Include="C:\Users\olive\source\repos\FrysEngineGL\libraries\frysgl\src\frysGL\camera\Camera.cpp">
      <Filter>camera</Filter>
    </ClCompile>
    <ClCompile Include="C:\Users\olive\source\repos\FrysEngineGL\libraries\frysgl\src\frysGL\shader\Shader.cpp">
      <Filter>shader</Filter>
    </ClCompile>
  </ItemGroup>
  <ItemGroup>
    <ClInclude Include="C:\Users\olive\source\repos\FrysEngineGL\libraries\frysgl\include\frysGL\camera\Camera.h">
      <Filter>camera</Filter>
    </ClInclude>
    <ClInclude Include="C:\Users\olive\source\repos\FrysEngineGL\libraries\frysgl\include\frysGL\shader\Shader.h">
      <Filter>shader</Filter>
    </ClInclude>
  </ItemGroup>
  <ItemGroup>
    <CustomBuild Include="C:\Users\olive\source\repos\FrysEngineGL\libraries\frysgl\CMakeLists.txt" />
  </ItemGroup>
  <ItemGroup>
    <Filter Include="camera">
      <UniqueIdentifier>{076098D8-166D-3488-B130-54F2A13046E4}</UniqueIdentifier>
    </Filter>
    <Filter Include="shader">
      <UniqueIdentifier>{C93EF945-0B15-3AAC-ADB2-25EB757AE5C1}</UniqueIdentifier>
    </Filter>
  </ItemGroup>
</Project>
